
Microsoft Visual Studio Solution File, Format Version 12.00
# Visual Studio 15
VisualStudioVersion = 15.0.27703.2035
MinimumVisualStudioVersion = 10.0.40219.1
Project("{FAE04EC0-301F-11D3-BF4B-00C04F79EFBC}") = "CAPASFIDAS_EFS_DAL", "CAPASFIDAS_EFS_DAL\CAPASFIDAS_EFS_DAL.csproj", "{B1DD8D97-3927-4DC4-ABAE-E29B0AD952DF}"
EndProject
Global
	GlobalSection(SolutionConfigurationPlatforms) = preSolution
		Debug|Any CPU = Debug|Any CPU
		Release|Any CPU = Release|Any CPU
	EndGlobalSection
	GlobalSection(ProjectConfigurationPlatforms) = postSolution
		{B1DD8D97-3927-4DC4-ABAE-E29B0AD952DF}.Debug|Any CPU.ActiveCfg = Debug|Any CPU
		{B1DD8D97-3927-4DC4-ABAE-E29B0AD952DF}.Debug|Any CPU.Build.0 = Debug|Any CPU
		{B1DD8D97-3927-4DC4-ABAE-E29B0AD952DF}.Release|Any CPU.ActiveCfg = Release|Any CPU
		{B1DD8D97-3927-4DC4-ABAE-E29B0AD952DF}.Release|Any CPU.Build.0 = Release|Any CPU
	EndGlobalSection
	GlobalSection(SolutionProperties) = preSolution
		HideSolutionNode = FALSE
	EndGlobalSection
	GlobalSection(ExtensibilityGlobals) = postSolution
		SolutionGuid = {C61B2748-5EA3-4385-BB58-B0EE3B41ABB2}
	EndGlobalSection
	GlobalSection(TeamFoundationVersionControl) = preSolution
		SccNumberOfProjects = 2
		SccEnterpriseProvider = {4CA58AB2-18FA-4F8D-95D4-32DDF27D184C}
		SccTeamFoundationServer = http://pvstfs1s1:8080/tfs/nysboe_collection
		SccLocalPath0 = .
		SccProjectUniqueName1 = CAPASFIDAS_EFS_DAL\\CAPASFIDAS_EFS_DAL.csproj
		SccProjectName1 = CAPASFIDAS_EFS_DAL
		SccLocalPath1 = CAPASFIDAS_EFS_DAL
	EndGlobalSection
EndGlobal
